// !$*UTF8*$!
{
	archiveVersion = 1;
	classes = {
	};
	objectVersion = 55;
	objects = {

/* Begin PBXBuildFile section */
		BFA6AD95288D705E00A4B609 /* extension+UIViewController.swift in Sources */ = {isa = PBXBuildFile; fileRef = BFA6AD94288D705E00A4B609 /* extension+UIViewController.swift */; };
		BFA6AD97288D82E600A4B609 /* WalletController.swift in Sources */ = {isa = PBXBuildFile; fileRef = BFA6AD96288D82E600A4B609 /* WalletController.swift */; };
		BFA6AD99288D9B2F00A4B609 /* CityModel.swift in Sources */ = {isa = PBXBuildFile; fileRef = BFA6AD98288D9B2F00A4B609 /* CityModel.swift */; };
		BFCB7DF7288D5C45003A552C /* AppDelegate.swift in Sources */ = {isa = PBXBuildFile; fileRef = BFCB7DF6288D5C45003A552C /* AppDelegate.swift */; };
		BFCB7DF9288D5C45003A552C /* SceneDelegate.swift in Sources */ = {isa = PBXBuildFile; fileRef = BFCB7DF8288D5C45003A552C /* SceneDelegate.swift */; };
		BFCB7E00288D5C46003A552C /* Assets.xcassets in Resources */ = {isa = PBXBuildFile; fileRef = BFCB7DFF288D5C46003A552C /* Assets.xcassets */; };
		BFCB7E03288D5C46003A552C /* LaunchScreen.storyboard in Resources */ = {isa = PBXBuildFile; fileRef = BFCB7E01288D5C46003A552C /* LaunchScreen.storyboard */; };
		BFCB7E0C288D5CB0003A552C /* StartController.swift in Sources */ = {isa = PBXBuildFile; fileRef = BFCB7E0B288D5CB0003A552C /* StartController.swift */; };
		BFCB7E0F288D5DC7003A552C /* SnapKit in Frameworks */ = {isa = PBXBuildFile; productRef = BFCB7E0E288D5DC7003A552C /* SnapKit */; };
		BFCB7E12288D6518003A552C /* TextFieldView.swift in Sources */ = {isa = PBXBuildFile; fileRef = BFCB7E11288D6518003A552C /* TextFieldView.swift */; };
/* End PBXBuildFile section */

/* Begin PBXFileReference section */
		BFA6AD94288D705E00A4B609 /* extension+UIViewController.swift */ = {isa = PBXFileReference; lastKnownFileType = sourcecode.swift; path = "extension+UIViewController.swift"; sourceTree = "<group>"; };
		BFA6AD96288D82E600A4B609 /* WalletController.swift */ = {isa = PBXFileReference; lastKnownFileType = sourcecode.swift; path = WalletController.swift; sourceTree = "<group>"; };
		BFA6AD98288D9B2F00A4B609 /* CityModel.swift */ = {isa = PBXFileReference; lastKnownFileType = sourcecode.swift; path = CityModel.swift; sourceTree = "<group>"; };
		BFCB7DF3288D5C45003A552C /* CryptoWallet.app */ = {isa = PBXFileReference; explicitFileType = wrapper.application; includeInIndex = 0; path = CryptoWallet.app; sourceTree = BUILT_PRODUCTS_DIR; };
		BFCB7DF6288D5C45003A552C /* AppDelegate.swift */ = {isa = PBXFileReference; lastKnownFileType = sourcecode.swift; path = AppDelegate.swift; sourceTree = "<group>"; };
		BFCB7DF8288D5C45003A552C /* SceneDelegate.swift */ = {isa = PBXFileReference; lastKnownFileType = sourcecode.swift; path = SceneDelegate.swift; sourceTree = "<group>"; };
		BFCB7DFF288D5C46003A552C /* Assets.xcassets */ = {isa = PBXFileReference; lastKnownFileType = folder.assetcatalog; path = Assets.xcassets; sourceTree = "<group>"; };
		BFCB7E02288D5C46003A552C /* Base */ = {isa = PBXFileReference; lastKnownFileType = file.storyboard; name = Base; path = Base.lproj/LaunchScreen.storyboard; sourceTree = "<group>"; };
		BFCB7E04288D5C46003A552C /* Info.plist */ = {isa = PBXFileReference; lastKnownFileType = text.plist.xml; path = Info.plist; sourceTree = "<group>"; };
		BFCB7E0B288D5CB0003A552C /* StartController.swift */ = {isa = PBXFileReference; lastKnownFileType = sourcecode.swift; path = StartController.swift; sourceTree = "<group>"; };
		BFCB7E11288D6518003A552C /* TextFieldView.swift */ = {isa = PBXFileReference; lastKnownFileType = sourcecode.swift; path = TextFieldView.swift; sourceTree = "<group>"; };
/* End PBXFileReference section */

/* Begin PBXFrameworksBuildPhase section */
		BFCB7DF0288D5C45003A552C /* Frameworks */ = {
			isa = PBXFrameworksBuildPhase;
			buildActionMask = 2147483647;
			files = (
				BFCB7E0F288D5DC7003A552C /* SnapKit in Frameworks */,
			);
			runOnlyForDeploymentPostprocessing = 0;
		};
/* End PBXFrameworksBuildPhase section */

/* Begin PBXGroup section */
		BFA6AD93288D704100A4B609 /* Extension */ = {
			isa = PBXGroup;
			children = (
				BFA6AD94288D705E00A4B609 /* extension+UIViewController.swift */,
			);
			path = Extension;
			sourceTree = "<group>";
		};
		BFCB7DEA288D5C45003A552C = {
			isa = PBXGroup;
			children = (
				BFCB7DF5288D5C45003A552C /* CryptoWallet */,
				BFCB7DF4288D5C45003A552C /* Products */,
			);
			sourceTree = "<group>";
		};
		BFCB7DF4288D5C45003A552C /* Products */ = {
			isa = PBXGroup;
			children = (
				BFCB7DF3288D5C45003A552C /* CryptoWallet.app */,
			);
			name = Products;
			sourceTree = "<group>";
		};
		BFCB7DF5288D5C45003A552C /* CryptoWallet */ = {
			isa = PBXGroup;
			children = (
				BFCB7E13288D6537003A552C /* Controllers */,
				BFCB7E10288D64F7003A552C /* View's */,
				BFA6AD93288D704100A4B609 /* Extension */,
				BFCB7E0A288D5C85003A552C /* Resourse */,
				BFCB7E04288D5C46003A552C /* Info.plist */,
				BFA6AD98288D9B2F00A4B609 /* CityModel.swift */,
			);
			path = CryptoWallet;
			sourceTree = "<group>";
		};
		BFCB7E0A288D5C85003A552C /* Resourse */ = {
			isa = PBXGroup;
			children = (
				BFCB7DF6288D5C45003A552C /* AppDelegate.swift */,
				BFCB7DF8288D5C45003A552C /* SceneDelegate.swift */,
				BFCB7DFF288D5C46003A552C /* Assets.xcassets */,
				BFCB7E01288D5C46003A552C /* LaunchScreen.storyboard */,
			);
			path = Resourse;
			sourceTree = "<group>";
		};
		BFCB7E10288D64F7003A552C /* View's */ = {
			isa = PBXGroup;
			children = (
				BFCB7E11288D6518003A552C /* TextFieldView.swift */,
			);
			path = "View's";
			sourceTree = "<group>";
		};
		BFCB7E13288D6537003A552C /* Controllers */ = {
			isa = PBXGroup;
			children = (
				BFCB7E0B288D5CB0003A552C /* StartController.swift */,
				BFA6AD96288D82E600A4B609 /* WalletController.swift */,
			);
			path = Controllers;
			sourceTree = "<group>";
		};
/* End PBXGroup section */

/* Begin PBXNativeTarget section */
		BFCB7DF2288D5C45003A552C /* CryptoWallet */ = {
			isa = PBXNativeTarget;
			buildConfigurationList = BFCB7E07288D5C46003A552C /* Build configuration list for PBXNativeTarget "CryptoWallet" */;
			buildPhases = (
				BFCB7DEF288D5C45003A552C /* Sources */,
				BFCB7DF0288D5C45003A552C /* Frameworks */,
				BFCB7DF1288D5C45003A552C /* Resources */,
			);
			buildRules = (
			);
			dependencies = (
			);
			name = CryptoWallet;
			packageProductDependencies = (
				BFCB7E0E288D5DC7003A552C /* SnapKit */,
			);
			productName = CryptoWallet;
			productReference = BFCB7DF3288D5C45003A552C /* CryptoWallet.app */;
			productType = "com.apple.product-type.application";
		};
/* End PBXNativeTarget section */

/* Begin PBXProject section */
		BFCB7DEB288D5C45003A552C /* Project object */ = {
			isa = PBXProject;
			attributes = {
				BuildIndependentTargetsInParallel = 1;
				LastSwiftUpdateCheck = 1330;
				LastUpgradeCheck = 1330;
				TargetAttributes = {
					BFCB7DF2288D5C45003A552C = {
						CreatedOnToolsVersion = 13.3.1;
					};
				};
			};
			buildConfigurationList = BFCB7DEE288D5C45003A552C /* Build configuration list for PBXProject "CryptoWallet" */;
			compatibilityVersion = "Xcode 13.0";
			developmentRegion = en;
			hasScannedForEncodings = 0;
			knownRegions = (
				en,
				Base,
			);
			mainGroup = BFCB7DEA288D5C45003A552C;
			packageReferences = (
				BFCB7E0D288D5DC7003A552C /* XCRemoteSwiftPackageReference "SnapKit" */,
			);
			productRefGroup = BFCB7DF4288D5C45003A552C /* Products */;
			projectDirPath = "";
			projectRoot = "";
			targets = (
				BFCB7DF2288D5C45003A552C /* CryptoWallet */,
			);
		};
/* End PBXProject section */

/* Begin PBXResourcesBuildPhase section */
		BFCB7DF1288D5C45003A552C /* Resources */ = {
			isa = PBXResourcesBuildPhase;
			buildActionMask = 2147483647;
			files = (
				BFCB7E03288D5C46003A552C /* LaunchScreen.storyboard in Resources */,
				BFCB7E00288D5C46003A552C /* Assets.xcassets in Resources */,
			);
			runOnlyForDeploymentPostprocessing = 0;
		};
/* End PBXResourcesBuildPhase section */

/* Begin PBXSourcesBuildPhase section */
		BFCB7DEF288D5C45003A552C /* Sources */ = {
			isa = PBXSourcesBuildPhase;
			buildActionMask = 2147483647;
			files = (
				BFA6AD97288D82E600A4B609 /* WalletController.swift in Sources */,
				BFA6AD95288D705E00A4B609 /* extension+UIViewController.swift in Sources */,
				BFCB7DF7288D5C45003A552C /* AppDelegate.swift in Sources */,
				BFCB7DF9288D5C45003A552C /* SceneDelegate.swift in Sources */,
				BFCB7E12288D6518003A552C /* TextFieldView.swift in Sources */,
				BFCB7E0C288D5CB0003A552C /* StartController.swift in Sources */,
				BFA6AD99288D9B2F00A4B609 /* CityModel.swift in Sources */,
			);
			runOnlyForDeploymentPostprocessing = 0;
		};
/* End PBXSourcesBuildPhase section */

/* Begin PBXVariantGroup section */
		BFCB7E01288D5C46003A552C /* LaunchScreen.storyboard */ = {
			isa = PBXVariantGroup;
			children = (
				BFCB7E02288D5C46003A552C /* Base */,
			);
			name = LaunchScreen.storyboard;
			sourceTree = "<group>";
		};
/* End PBXVariantGroup section */

/* Begin XCBuildConfiguration section */
		BFCB7E05288D5C46003A552C /* Debug */ = {
			isa = XCBuildConfiguration;
			buildSettings = {
				ALWAYS_SEARCH_USER_PATHS = NO;
				CLANG_ANALYZER_NONNULL = YES;
				CLANG_ANALYZER_NUMBER_OBJECT_CONVERSION = YES_AGGRESSIVE;
				CLANG_CXX_LANGUAGE_STANDARD = "gnu++17";
				CLANG_ENABLE_MODULES = YES;
				CLANG_ENABLE_OBJC_ARC = YES;
				CLANG_ENABLE_OBJC_WEAK = YES;
				CLANG_WARN_BLOCK_CAPTURE_AUTORELEASING = YES;
				CLANG_WARN_BOOL_CONVERSION = YES;
				CLANG_WARN_COMMA = YES;
				CLANG_WARN_CONSTANT_CONVERSION = YES;
				CLANG_WARN_DEPRECATED_OBJC_IMPLEMENTATIONS = YES;
				CLANG_WARN_DIRECT_OBJC_ISA_USAGE = YES_ERROR;
				CLANG_WARN_DOCUMENTATION_COMMENTS = YES;
				CLANG_WARN_EMPTY_BODY = YES;
				CLANG_WARN_ENUM_CONVERSION = YES;
				CLANG_WARN_INFINITE_RECURSION = YES;
				CLANG_WARN_INT_CONVERSION = YES;
				CLANG_WARN_NON_LITERAL_NULL_CONVERSION = YES;
				CLANG_WARN_OBJC_IMPLICIT_RETAIN_SELF = YES;
				CLANG_WARN_OBJC_LITERAL_CONVERSION = YES;
				CLANG_WARN_OBJC_ROOT_CLASS = YES_ERROR;
				CLANG_WARN_QUOTED_INCLUDE_IN_FRAMEWORK_HEADER = YES;
				CLANG_WARN_RANGE_LOOP_ANALYSIS = YES;
				CLANG_WARN_STRICT_PROTOTYPES = YES;
				CLANG_WARN_SUSPICIOUS_MOVE = YES;
				CLANG_WARN_UNGUARDED_AVAILABILITY = YES_AGGRESSIVE;
				CLANG_WARN_UNREACHABLE_CODE = YES;
				CLANG_WARN__DUPLICATE_METHOD_MATCH = YES;
				COPY_PHASE_STRIP = NO;
				DEBUG_INFORMATION_FORMAT = dwarf;
				ENABLE_STRICT_OBJC_MSGSEND = YES;
				ENABLE_TESTABILITY = YES;
				GCC_C_LANGUAGE_STANDARD = gnu11;
				GCC_DYNAMIC_NO_PIC = NO;
				GCC_NO_COMMON_BLOCKS = YES;
				GCC_OPTIMIZATION_LEVEL = 0;
				GCC_PREPROCESSOR_DEFINITIONS = (
					"DEBUG=1",
					"$(inherited)",
				);
				GCC_WARN_64_TO_32_BIT_CONVERSION = YES;
				GCC_WARN_ABOUT_RETURN_TYPE = YES_ERROR;
				GCC_WARN_UNDECLARED_SELECTOR = YES;
				GCC_WARN_UNINITIALIZED_AUTOS = YES_AGGRESSIVE;
				GCC_WARN_UNUSED_FUNCTION = YES;
				GCC_WARN_UNUSED_VARIABLE = YES;
				IPHONEOS_DEPLOYMENT_TARGET = 15.4;
				MTL_ENABLE_DEBUG_INFO = INCLUDE_SOURCE;
				MTL_FAST_MATH = YES;
				ONLY_ACTIVE_ARCH = YES;
				SDKROOT = iphoneos;
				SWIFT_ACTIVE_COMPILATION_CONDITIONS = DEBUG;
				SWIFT_OPTIMIZATION_LEVEL = "-Onone";
			};
			name = Debug;
		};
		BFCB7E06288D5C46003A552C /* Release */ = {
			isa = XCBuildConfiguration;
			buildSettings = {
				ALWAYS_SEARCH_USER_PATHS = NO;
				CLANG_ANALYZER_NONNULL = YES;
				CLANG_ANALYZER_NUMBER_OBJECT_CONVERSION = YES_AGGRESSIVE;
				CLANG_CXX_LANGUAGE_STANDARD = "gnu++17";
				CLANG_ENABLE_MODULES = YES;
				CLANG_ENABLE_OBJC_ARC = YES;
				CLANG_ENABLE_OBJC_WEAK = YES;
				CLANG_WARN_BLOCK_CAPTURE_AUTORELEASING = YES;
				CLANG_WARN_BOOL_CONVERSION = YES;
				CLANG_WARN_COMMA = YES;
				CLANG_WARN_CONSTANT_CONVERSION = YES;
				CLANG_WARN_DEPRECATED_OBJC_IMPLEMENTATIONS = YES;
				CLANG_WARN_DIRECT_OBJC_ISA_USAGE = YES_ERROR;
				CLANG_WARN_DOCUMENTATION_COMMENTS = YES;
				CLANG_WARN_EMPTY_BODY = YES;
				CLANG_WARN_ENUM_CONVERSION = YES;
				CLANG_WARN_INFINITE_RECURSION = YES;
				CLANG_WARN_INT_CONVERSION = YES;
				CLANG_WARN_NON_LITERAL_NULL_CONVERSION = YES;
				CLANG_WARN_OBJC_IMPLICIT_RETAIN_SELF = YES;
				CLANG_WARN_OBJC_LITERAL_CONVERSION = YES;
				CLANG_WARN_OBJC_ROOT_CLASS = YES_ERROR;
				CLANG_WARN_QUOTED_INCLUDE_IN_FRAMEWORK_HEADER = YES;
				CLANG_WARN_RANGE_LOOP_ANALYSIS = YES;
				CLANG_WARN_STRICT_PROTOTYPES = YES;
				CLANG_WARN_SUSPICIOUS_MOVE = YES;
				CLANG_WARN_UNGUARDED_AVAILABILITY = YES_AGGRESSIVE;
				CLANG_WARN_UNREACHABLE_CODE = YES;
				CLANG_WARN__DUPLICATE_METHOD_MATCH = YES;
				COPY_PHASE_STRIP = NO;
				DEBUG_INFORMATION_FORMAT = "dwarf-with-dsym";
				ENABLE_NS_ASSERTIONS = NO;
				ENABLE_STRICT_OBJC_MSGSEND = YES;
				GCC_C_LANGUAGE_STANDARD = gnu11;
				GCC_NO_COMMON_BLOCKS = YES;
				GCC_WARN_64_TO_32_BIT_CONVERSION = YES;
				GCC_WARN_ABOUT_RETURN_TYPE = YES_ERROR;
				GCC_WARN_UNDECLARED_SELECTOR = YES;
				GCC_WARN_UNINITIALIZED_AUTOS = YES_AGGRESSIVE;
				GCC_WARN_UNUSED_FUNCTION = YES;
				GCC_WARN_UNUSED_VARIABLE = YES;
				IPHONEOS_DEPLOYMENT_TARGET = 15.4;
				MTL_ENABLE_DEBUG_INFO = NO;
				MTL_FAST_MATH = YES;
				SDKROOT = iphoneos;
				SWIFT_COMPILATION_MODE = wholemodule;
				SWIFT_OPTIMIZATION_LEVEL = "-O";
				VALIDATE_PRODUCT = YES;
			};
			name = Release;
		};
		BFCB7E08288D5C46003A552C /* Debug */ = {
			isa = XCBuildConfiguration;
			buildSettings = {
				ASSETCATALOG_COMPILER_APPICON_NAME = AppIcon;
				ASSETCATALOG_COMPILER_GLOBAL_ACCENT_COLOR_NAME = AccentColor;
				CODE_SIGN_STYLE = Automatic;
				CURRENT_PROJECT_VERSION = 1;
				DEVELOPMENT_TEAM = 7394NAD58Z;
				GENERATE_INFOPLIST_FILE = YES;
				INFOPLIST_FILE = CryptoWallet/Info.plist;
				INFOPLIST_KEY_UIApplicationSupportsIndirectInputEvents = YES;
				INFOPLIST_KEY_UILaunchStoryboardName = LaunchScreen;
				INFOPLIST_KEY_UISupportedInterfaceOrientations_iPad = "UIInterfaceOrientationPortrait UIInterfaceOrientationPortraitUpsideDown UIInterfaceOrientationLandscapeLeft UIInterfaceOrientationLandscapeRight";
				INFOPLIST_KEY_UISupportedInterfaceOrientations_iPhone = "UIInterfaceOrientationPortrait UIInterfaceOrientationLandscapeLeft UIInterfaceOrientationLandscapeRight";
				LD_RUNPATH_SEARCH_PATHS = (
					"$(inherited)",
					"@executable_path/Frameworks",
				);
				MARKETING_VERSION = 1.0;
				PRODUCT_BUNDLE_IDENTIFIER = "Koval-Mark.CryptoWallet";
				PRODUCT_NAME = "$(TARGET_NAME)";
				SWIFT_EMIT_LOC_STRINGS = YES;
				SWIFT_VERSION = 5.0;
				TARGETED_DEVICE_FAMILY = "1,2";
			};
			name = Debug;
		};
		BFCB7E09288D5C46003A552C /* Release */ = {
			isa = XCBuildConfiguration;
			buildSettings = {
				ASSETCATALOG_COMPILER_APPICON_NAME = AppIcon;
				ASSETCATALOG_COMPILER_GLOBAL_ACCENT_COLOR_NAME = AccentColor;
				CODE_SIGN_STYLE = Automatic;
				CURRENT_PROJECT_VERSION = 1;
				DEVELOPMENT_TEAM = 7394NAD58Z;
				GENERATE_INFOPLIST_FILE = YES;
				INFOPLIST_FILE = CryptoWallet/Info.plist;
				INFOPLIST_KEY_UIApplicationSupportsIndirectInputEvents = YES;
				INFOPLIST_KEY_UILaunchStoryboardName = LaunchScreen;
				INFOPLIST_KEY_UISupportedInterfaceOrientations_iPad = "UIInterfaceOrientationPortrait UIInterfaceOrientationPortraitUpsideDown UIInterfaceOrientationLandscapeLeft UIInterfaceOrientationLandscapeRight";
				INFOPLIST_KEY_UISupportedInterfaceOrientations_iPhone = "UIInterfaceOrientationPortrait UIInterfaceOrientationLandscapeLeft UIInterfaceOrientationLandscapeRight";
				LD_RUNPATH_SEARCH_PATHS = (
					"$(inherited)",
					"@executable_path/Frameworks",
				);
				MARKETING_VERSION = 1.0;
				PRODUCT_BUNDLE_IDENTIFIER = "Koval-Mark.CryptoWallet";
				PRODUCT_NAME = "$(TARGET_NAME)";
				SWIFT_EMIT_LOC_STRINGS = YES;
				SWIFT_VERSION = 5.0;
				TARGETED_DEVICE_FAMILY = "1,2";
			};
			name = Release;
		};
/* End XCBuildConfiguration section */

/* Begin XCConfigurationList section */
		BFCB7DEE288D5C45003A552C /* Build configuration list for PBXProject "CryptoWallet" */ = {
			isa = XCConfigurationList;
			buildConfigurations = (
				BFCB7E05288D5C46003A552C /* Debug */,
				BFCB7E06288D5C46003A552C /* Release */,
			);
			defaultConfigurationIsVisible = 0;
			defaultConfigurationName = Release;
		};
		BFCB7E07288D5C46003A552C /* Build configuration list for PBXNativeTarget "CryptoWallet" */ = {
			isa = XCConfigurationList;
			buildConfigurations = (
				BFCB7E08288D5C46003A552C /* Debug */,
				BFCB7E09288D5C46003A552C /* Release */,
			);
			defaultConfigurationIsVisible = 0;
			defaultConfigurationName = Release;
		};
/* End XCConfigurationList section */

/* Begin XCRemoteSwiftPackageReference section */
		BFCB7E0D288D5DC7003A552C /* XCRemoteSwiftPackageReference "SnapKit" */ = {
			isa = XCRemoteSwiftPackageReference;
			repositoryURL = "https://github.com/SnapKit/SnapKit.git";
			requirement = {
				branch = develop;
				kind = branch;
			};
		};
/* End XCRemoteSwiftPackageReference section */

/* Begin XCSwiftPackageProductDependency section */
		BFCB7E0E288D5DC7003A552C /* SnapKit */ = {
			isa = XCSwiftPackageProductDependency;
			package = BFCB7E0D288D5DC7003A552C /* XCRemoteSwiftPackageReference "SnapKit" */;
			productName = SnapKit;
		};
/* End XCSwiftPackageProductDependency section */
	};
	rootObject = BFCB7DEB288D5C45003A552C /* Project object */;
}
